
Microsoft Visual Studio Solution File, Format Version 12.00
# Visual Studio Version 17
VisualStudioVersion = 17.14.36408.4 d17.14
MinimumVisualStudioVersion = 10.0.40219.1
Project("{FAE04EC0-301F-11D3-BF4B-00C04F79EFBC}") = "GPlus V2 Redesign", "GPlus V2 Redesign\GPlus V2 Redesign.csproj", "{1718C1E5-3E86-4963-B8DF-B0FD8EE53DC8}"
EndProject
Global
	GlobalSection(SolutionConfigurationPlatforms) = preSolution
		Debug|Any CPU = Debug|Any CPU
		Release|Any CPU = Release|Any CPU
	EndGlobalSection
	GlobalSection(ProjectConfigurationPlatforms) = postSolution
		{1718C1E5-3E86-4963-B8DF-B0FD8EE53DC8}.Debug|Any CPU.ActiveCfg = Debug|Any CPU
		{1718C1E5-3E86-4963-B8DF-B0FD8EE53DC8}.Debug|Any CPU.Build.0 = Debug|Any CPU
		{1718C1E5-3E86-4963-B8DF-B0FD8EE53DC8}.Release|Any CPU.ActiveCfg = Release|Any CPU
		{1718C1E5-3E86-4963-B8DF-B0FD8EE53DC8}.Release|Any CPU.Build.0 = Release|Any CPU
	EndGlobalSection
	GlobalSection(SolutionProperties) = preSolution
		HideSolutionNode = FALSE
	EndGlobalSection
	GlobalSection(ExtensibilityGlobals) = postSolution
		SolutionGuid = {45F0FA8F-320A-425C-BCCC-47BAE2C8056E}
	EndGlobalSection
EndGlobal
